{
    "name": "umeditor",
    "version": "1.2.2",
    "lockfileVersion": 1,
    "requires": true,
    "dependencies": {
        "abbrev": {
            "version": "1.1.1",
            "resolved": "http://registry.npm.taobao.org/abbrev/download/abbrev-1.1.1.tgz",
            "integrity": "sha1-+PLIh60Qv2f2NPAFtph/7TF5qsg="
        },
        "archiver": {
            "version": "0.6.1",
            "resolved": "https://registry.npm.taobao.org/archiver/download/archiver-0.6.1.tgz",
            "integrity": "sha1-1AKZJXH9F5rtZy2Xl/iI5Wjh3Vw=",
            "requires": {
                "file-utils": "~0.1.5",
                "lazystream": "~0.1.0",
                "lodash": "~2.4.1",
                "readable-stream": "~1.0.24",
                "zip-stream": "~0.2.0"
            },
            "dependencies": {
                "lodash": {
                    "version": "2.4.2",
                    "resolved": "https://registry.npm.taobao.org/lodash/download/lodash-2.4.2.tgz?cache=0&sync_timestamp=1562774134174&other_urls=https%3A%2F%2Fregistry.npm.taobao.org%2Flodash%2Fdownload%2Flodash-2.4.2.tgz",
                    "integrity": "sha1-+t2DS5aDBz2hebPq5tnA0VBT9z4="
                }
            }
        },
        "argparse": {
            "version": "0.1.16",
            "resolved": "http://registry.npm.taobao.org/argparse/download/argparse-0.1.16.tgz",
            "integrity": "sha1-z9AeD7uj1srtBJ+9dY1A9lGW9Xw=",
            "requires": {
                "underscore": "~1.7.0",
                "underscore.string": "~2.4.0"
            },
            "dependencies": {
                "underscore.string": {
                    "version": "2.4.0",
                    "resolved": "https://registry.npm.taobao.org/underscore.string/download/underscore.string-2.4.0.tgz",
                    "integrity": "sha1-jN2PusTi0uoefi6Al8QvRCKA+Fs="
                }
            }
        },
        "async": {
            "version": "0.1.22",
            "resolved": "https://registry.npm.taobao.org/async/download/async-0.1.22.tgz?cache=0&sync_timestamp=1563147118037&other_urls=https%3A%2F%2Fregistry.npm.taobao.org%2Fasync%2Fdownload%2Fasync-0.1.22.tgz",
            "integrity": "sha1-D8GqoIig4+8Ovi2IMbqw3PiEUGE="
        },
        "bl": {
            "version": "0.9.5",
            "resolved": "https://registry.npm.taobao.org/bl/download/bl-0.9.5.tgz",
            "integrity": "sha1-wGt5evCF6gC8Unr8jvzxHeIjIFQ=",
            "requires": {
                "readable-stream": "~1.0.26"
            }
        },
        "block-stream": {
            "version": "0.0.9",
            "resolved": "http://registry.npm.taobao.org/block-stream/download/block-stream-0.0.9.tgz",
            "integrity": "sha1-E+v+d4oDIFz+A3UUgeu0szAMEmo=",
            "requires": {
                "inherits": "~2.0.0"
            }
        },
        "clean-css": {
            "version": "1.1.7",
            "resolved": "http://registry.npm.taobao.org/clean-css/download/clean-css-1.1.7.tgz",
            "integrity": "sha1-YB75z3ZCuYLLM+/JSIpkRMmGaG4=",
            "requires": {
                "commander": "2.0.x"
            }
        },
        "closurecompiler": {
            "version": "1.6.1",
            "resolved": "https://registry.npm.taobao.org/closurecompiler/download/closurecompiler-1.6.1.tgz",
            "integrity": "sha1-Kt3pK8jon/aHGhHPAaWeEmUKAw8=",
            "requires": {
                "bl": "~0.9.3",
                "closurecompiler-externs": "*",
                "tar": "~2.2.1"
            }
        },
        "closurecompiler-externs": {
            "version": "1.0.4",
            "resolved": "https://registry.npm.taobao.org/closurecompiler-externs/download/closurecompiler-externs-1.0.4.tgz",
            "integrity": "sha1-SOoyALcKU9RoFVbEoXBt7CQlN6M="
        },
        "coffee-script": {
            "version": "1.3.3",
            "resolved": "https://registry.npm.taobao.org/coffee-script/download/coffee-script-1.3.3.tgz",
            "integrity": "sha1-FQ1rTLUiiUNp7+1qIQHCC8f0pPQ="
        },
        "colors": {
            "version": "0.6.2",
            "resolved": "http://registry.npm.taobao.org/colors/download/colors-0.6.2.tgz",
            "integrity": "sha1-JCP+ZnisDF2uiFLl0OW+CMmXq8w="
        },
        "commander": {
            "version": "2.0.0",
            "resolved": "http://registry.npm.taobao.org/commander/download/commander-2.0.0.tgz",
            "integrity": "sha1-0bhvkB+LZL2UG96tr5JFMDk76Sg="
        },
        "core-util-is": {
            "version": "1.0.2",
            "resolved": "http://registry.npm.taobao.org/core-util-is/download/core-util-is-1.0.2.tgz",
            "integrity": "sha1-tf1UIgqivFq1eqtxQMlAdUUDwac="
        },
        "dateformat": {
            "version": "1.0.2-1.2.3",
            "resolved": "http://registry.npm.taobao.org/dateformat/download/dateformat-1.0.2-1.2.3.tgz",
            "integrity": "sha1-sCIMAt6YYXQztyhRz0fePfLNvuk="
        },
        "debug": {
            "version": "0.7.4",
            "resolved": "http://registry.npm.taobao.org/debug/download/debug-0.7.4.tgz",
            "integrity": "sha1-BuHqgILCyxTjmAbiLi9vdX+Srzk="
        },
        "esprima": {
            "version": "1.0.4",
            "resolved": "http://registry.npm.taobao.org/esprima/download/esprima-1.0.4.tgz",
            "integrity": "sha1-n1V+CPw7TSbs6d00+Pv0drYlha0="
        },
        "eventemitter2": {
            "version": "0.4.14",
            "resolved": "https://registry.npm.taobao.org/eventemitter2/download/eventemitter2-0.4.14.tgz",
            "integrity": "sha1-j2G3XN4BKy6esoTUVFWDtWQ7Yas="
        },
        "exit": {
            "version": "0.1.2",
            "resolved": "https://registry.npm.taobao.org/exit/download/exit-0.1.2.tgz",
            "integrity": "sha1-BjJjj42HfMghB9MKD/8aF8uhzQw="
        },
        "file-utils": {
            "version": "0.1.5",
            "resolved": "https://registry.npm.taobao.org/file-utils/download/file-utils-0.1.5.tgz",
            "integrity": "sha1-3IFTyFU4fLTaywoXJVMfpESmtIw=",
            "requires": {
                "findup-sync": "~0.1.2",
                "glob": "~3.2.6",
                "iconv-lite": "~0.2.11",
                "isbinaryfile": "~0.1.9",
                "lodash": "~2.1.0",
                "minimatch": "~0.2.12",
                "rimraf": "~2.2.2"
            },
            "dependencies": {
                "glob": {
                    "version": "3.2.11",
                    "resolved": "https://registry.npm.taobao.org/glob/download/glob-3.2.11.tgz",
                    "integrity": "sha1-Spc/Y1uRkPcV0QmH1cAP0oFevj0=",
                    "requires": {
                        "inherits": "2",
                        "minimatch": "0.3"
                    },
                    "dependencies": {
                        "minimatch": {
                            "version": "0.3.0",
                            "resolved": "http://registry.npm.taobao.org/minimatch/download/minimatch-0.3.0.tgz",
                            "integrity": "sha1-J12O2qxPG7MyZHIInnlJyDlGmd0=",
                            "requires": {
                                "lru-cache": "2",
                                "sigmund": "~1.0.0"
                            }
                        }
                    }
                },
                "lodash": {
                    "version": "2.1.0",
                    "resolved": "https://registry.npm.taobao.org/lodash/download/lodash-2.1.0.tgz?cache=0&sync_timestamp=1562774134174&other_urls=https%3A%2F%2Fregistry.npm.taobao.org%2Flodash%2Fdownload%2Flodash-2.1.0.tgz",
                    "integrity": "sha1-Bjfqqjaooc/IZcOt+5Qhib+wmY0="
                }
            }
        },
        "findup-sync": {
            "version": "0.1.3",
            "resolved": "https://registry.npm.taobao.org/findup-sync/download/findup-sync-0.1.3.tgz?cache=0&other_urls=https%3A%2F%2Fregistry.npm.taobao.org%2Ffindup-sync%2Fdownload%2Ffindup-sync-0.1.3.tgz",
            "integrity": "sha1-fz56l7gjksZTvwZYm9hRkOk8NoM=",
            "requires": {
                "glob": "~3.2.9",
                "lodash": "~2.4.1"
            },
            "dependencies": {
                "glob": {
                    "version": "3.2.11",
                    "resolved": "https://registry.npm.taobao.org/glob/download/glob-3.2.11.tgz",
                    "integrity": "sha1-Spc/Y1uRkPcV0QmH1cAP0oFevj0=",
                    "requires": {
                        "inherits": "2",
                        "minimatch": "0.3"
                    }
                },
                "lodash": {
                    "version": "2.4.2",
                    "resolved": "https://registry.npm.taobao.org/lodash/download/lodash-2.4.2.tgz?cache=0&sync_timestamp=1562774134174&other_urls=https%3A%2F%2Fregistry.npm.taobao.org%2Flodash%2Fdownload%2Flodash-2.4.2.tgz",
                    "integrity": "sha1-+t2DS5aDBz2hebPq5tnA0VBT9z4="
                },
                "minimatch": {
                    "version": "0.3.0",
                    "resolved": "http://registry.npm.taobao.org/minimatch/download/minimatch-0.3.0.tgz",
                    "integrity": "sha1-J12O2qxPG7MyZHIInnlJyDlGmd0=",
                    "requires": {
                        "lru-cache": "2",
                        "sigmund": "~1.0.0"
                    }
                }
            }
        },
        "fstream": {
            "version": "1.0.12",
            "resolved": "https://registry.npm.taobao.org/fstream/download/fstream-1.0.12.tgz",
            "integrity": "sha1-Touo7i1Ivk99DeUFRVVI6uWTIEU=",
            "requires": {
                "graceful-fs": "^4.1.2",
                "inherits": "~2.0.0",
                "mkdirp": ">=0.5 0",
                "rimraf": "2"
            },
            "dependencies": {
                "graceful-fs": {
                    "version": "4.2.0",
                    "resolved": "https://registry.npm.taobao.org/graceful-fs/download/graceful-fs-4.2.0.tgz",
                    "integrity": "sha1-jY/cc5d8sEEEchy1NmbBymTNMos="
                }
            }
        },
        "getobject": {
            "version": "0.1.0",
            "resolved": "https://registry.npm.taobao.org/getobject/download/getobject-0.1.0.tgz",
            "integrity": "sha1-BHpEl4n6Fg0Bj1SG7ZEyC27HiFw="
        },
        "glob": {
            "version": "3.1.21",
            "resolved": "https://registry.npm.taobao.org/glob/download/glob-3.1.21.tgz",
            "integrity": "sha1-0p4KBV3qUTj00H7UDomC6DwgZs0=",
            "requires": {
                "graceful-fs": "~1.2.0",
                "inherits": "1",
                "minimatch": "~0.2.11"
            },
            "dependencies": {
                "inherits": {
                    "version": "1.0.2",
                    "resolved": "https://registry.npm.taobao.org/inherits/download/inherits-1.0.2.tgz",
                    "integrity": "sha1-ykMJ2t7mtUzAuNJH6NfHoJdb3Js="
                }
            }
        },
        "graceful-fs": {
            "version": "1.2.3",
            "resolved": "https://registry.npm.taobao.org/graceful-fs/download/graceful-fs-1.2.3.tgz",
            "integrity": "sha1-FaSAaldUfLLS2/J/QuiajDRRs2Q="
        },
        "grunt": {
            "version": "0.4.5",
            "resolved": "https://registry.npm.taobao.org/grunt/download/grunt-0.4.5.tgz?cache=0&other_urls=https%3A%2F%2Fregistry.npm.taobao.org%2Fgrunt%2Fdownload%2Fgrunt-0.4.5.tgz",
            "integrity": "sha1-VpN81RlDJK3/bSB2MYMqnWuk5/A=",
            "requires": {
                "async": "~0.1.22",
                "coffee-script": "~1.3.3",
                "colors": "~0.6.2",
                "dateformat": "1.0.2-1.2.3",
                "eventemitter2": "~0.4.13",
                "exit": "~0.1.1",
                "findup-sync": "~0.1.2",
                "getobject": "~0.1.0",
                "glob": "~3.1.21",
                "grunt-legacy-log": "~0.1.0",
                "grunt-legacy-util": "~0.2.0",
                "hooker": "~0.2.3",
                "iconv-lite": "~0.2.11",
                "js-yaml": "~2.0.5",
                "lodash": "~0.9.2",
                "minimatch": "~0.2.12",
                "nopt": "~1.0.10",
                "rimraf": "~2.2.8",
                "underscore.string": "~2.2.1",
                "which": "~1.0.5"
            }
        },
        "grunt-closurecompiler": {
            "version": "0.9.9",
            "resolved": "https://registry.npm.taobao.org/grunt-closurecompiler/download/grunt-closurecompiler-0.9.9.tgz",
            "integrity": "sha1-BAfREnS78gFDhRaL0fW7BIyYqhQ=",
            "requires": {
                "closurecompiler": ">=1.2"
            }
        },
        "grunt-contrib-compress": {
            "version": "0.7.0",
            "resolved": "https://registry.npm.taobao.org/grunt-contrib-compress/download/grunt-contrib-compress-0.7.0.tgz",
            "integrity": "sha1-4YuNK2JVRX5nXYDx0bxtsJ+CeG4=",
            "requires": {
                "archiver": "~0.6.1",
                "prettysize": "~0.0.2"
            }
        },
        "grunt-contrib-concat": {
            "version": "0.3.0",
            "resolved": "https://registry.npm.taobao.org/grunt-contrib-concat/download/grunt-contrib-concat-0.3.0.tgz",
            "integrity": "sha1-SPoNQzbSm2U62CJaa9b4VrRIPjI="
        },
        "grunt-contrib-copy": {
            "version": "0.4.1",
            "resolved": "https://registry.npm.taobao.org/grunt-contrib-copy/download/grunt-contrib-copy-0.4.1.tgz",
            "integrity": "sha1-8HU7QK4hu3BtrvsLKZ4DzfX6nW4="
        },
        "grunt-contrib-cssmin": {
            "version": "0.6.2",
            "resolved": "https://registry.npm.taobao.org/grunt-contrib-cssmin/download/grunt-contrib-cssmin-0.6.2.tgz",
            "integrity": "sha1-KATcDoH5jopU1h7uhKHT/ho6+OI=",
            "requires": {
                "clean-css": "~1.1.1",
                "grunt-lib-contrib": "~0.6.0"
            }
        },
        "grunt-legacy-log": {
            "version": "0.1.3",
            "resolved": "https://registry.npm.taobao.org/grunt-legacy-log/download/grunt-legacy-log-0.1.3.tgz",
            "integrity": "sha1-7ClCboAwIa9ZAp+H0vnNczWgVTE=",
            "requires": {
                "colors": "~0.6.2",
                "grunt-legacy-log-utils": "~0.1.1",
                "hooker": "~0.2.3",
                "lodash": "~2.4.1",
                "underscore.string": "~2.3.3"
            },
            "dependencies": {
                "lodash": {
                    "version": "2.4.2",
                    "resolved": "https://registry.npm.taobao.org/lodash/download/lodash-2.4.2.tgz?cache=0&sync_timestamp=1562774134174&other_urls=https%3A%2F%2Fregistry.npm.taobao.org%2Flodash%2Fdownload%2Flodash-2.4.2.tgz",
                    "integrity": "sha1-+t2DS5aDBz2hebPq5tnA0VBT9z4="
                },
                "underscore.string": {
                    "version": "2.3.3",
                    "resolved": "https://registry.npm.taobao.org/underscore.string/download/underscore.string-2.3.3.tgz",
                    "integrity": "sha1-ccCL9rQosRM/N+ePo6Icgvcymw0="
                }
            }
        },
        "grunt-legacy-log-utils": {
            "version": "0.1.1",
            "resolved": "https://registry.npm.taobao.org/grunt-legacy-log-utils/download/grunt-legacy-log-utils-0.1.1.tgz",
            "integrity": "sha1-wHBrndkGThFvNvI/5OawSGcsD34=",
            "requires": {
                "colors": "~0.6.2",
                "lodash": "~2.4.1",
                "underscore.string": "~2.3.3"
            },
            "dependencies": {
                "lodash": {
                    "version": "2.4.2",
                    "resolved": "https://registry.npm.taobao.org/lodash/download/lodash-2.4.2.tgz?cache=0&sync_timestamp=1562774134174&other_urls=https%3A%2F%2Fregistry.npm.taobao.org%2Flodash%2Fdownload%2Flodash-2.4.2.tgz",
                    "integrity": "sha1-+t2DS5aDBz2hebPq5tnA0VBT9z4="
                },
                "underscore.string": {
                    "version": "2.3.3",
                    "resolved": "https://registry.npm.taobao.org/underscore.string/download/underscore.string-2.3.3.tgz",
                    "integrity": "sha1-ccCL9rQosRM/N+ePo6Icgvcymw0="
                }
            }
        },
        "grunt-legacy-util": {
            "version": "0.2.0",
            "resolved": "https://registry.npm.taobao.org/grunt-legacy-util/download/grunt-legacy-util-0.2.0.tgz",
            "integrity": "sha1-kzJIhNv343qf98Am3/RR2UqeVUs=",
            "requires": {
                "async": "~0.1.22",
                "exit": "~0.1.1",
                "getobject": "~0.1.0",
                "hooker": "~0.2.3",
                "lodash": "~0.9.2",
                "underscore.string": "~2.2.1",
                "which": "~1.0.5"
            }
        },
        "grunt-lib-contrib": {
            "version": "0.6.1",
            "resolved": "https://registry.npm.taobao.org/grunt-lib-contrib/download/grunt-lib-contrib-0.6.1.tgz",
            "integrity": "sha1-P1att9oG6BR5XuJBWw6+X7iQPrs=",
            "requires": {
                "zlib-browserify": "0.0.1"
            }
        },
        "hooker": {
            "version": "0.2.3",
            "resolved": "https://registry.npm.taobao.org/hooker/download/hooker-0.2.3.tgz",
            "integrity": "sha1-uDT3I8xKJCqmWWNFnfbZhMXT2Vk="
        },
        "iconv-lite": {
            "version": "0.2.11",
            "resolved": "https://registry.npm.taobao.org/iconv-lite/download/iconv-lite-0.2.11.tgz?cache=0&other_urls=https%3A%2F%2Fregistry.npm.taobao.org%2Ficonv-lite%2Fdownload%2Ficonv-lite-0.2.11.tgz",
            "integrity": "sha1-HOYKOleGSiktEyH/RgnKS7llrcg="
        },
        "inherits": {
            "version": "2.0.4",
            "resolved": "https://registry.npm.taobao.org/inherits/download/inherits-2.0.4.tgz",
            "integrity": "sha1-D6LGT5MpF8NDOg3tVTY6rjdBa3w="
        },
        "isarray": {
            "version": "0.0.1",
            "resolved": "https://registry.npm.taobao.org/isarray/download/isarray-0.0.1.tgz?cache=0&sync_timestamp=1562592096220&other_urls=https%3A%2F%2Fregistry.npm.taobao.org%2Fisarray%2Fdownload%2Fisarray-0.0.1.tgz",
            "integrity": "sha1-ihis/Kmo9Bd+Cav8YDiTmwXR7t8="
        },
        "isbinaryfile": {
            "version": "0.1.9",
            "resolved": "https://registry.npm.taobao.org/isbinaryfile/download/isbinaryfile-0.1.9.tgz?cache=0&sync_timestamp=1562847783873&other_urls=https%3A%2F%2Fregistry.npm.taobao.org%2Fisbinaryfile%2Fdownload%2Fisbinaryfile-0.1.9.tgz",
            "integrity": "sha1-Fe7ONcSrcI2JJNqZ+4dPK1zAtsQ="
        },
        "js-yaml": {
            "version": "2.0.5",
            "resolved": "http://registry.npm.taobao.org/js-yaml/download/js-yaml-2.0.5.tgz",
            "integrity": "sha1-olrmUJmZ6X3yeMZxnaEb0Gh3Q6g=",
            "requires": {
                "argparse": "~ 0.1.11",
                "esprima": "~ 1.0.2"
            }
        },
        "lazystream": {
            "version": "0.1.0",
            "resolved": "http://registry.npm.taobao.org/lazystream/download/lazystream-0.1.0.tgz",
            "integrity": "sha1-GyXWPHcqTCDwpe0KnXf0hLbhaSA=",
            "requires": {
                "readable-stream": "~1.0.2"
            }
        },
        "lodash": {
            "version": "0.9.2",
            "resolved": "https://registry.npm.taobao.org/lodash/download/lodash-0.9.2.tgz?cache=0&sync_timestamp=1562774134174&other_urls=https%3A%2F%2Fregistry.npm.taobao.org%2Flodash%2Fdownload%2Flodash-0.9.2.tgz",
            "integrity": "sha1-jzSZxSRdNG1oLlsNO0B2fgnxqSw="
        },
        "lodash._isnative": {
            "version": "2.4.1",
            "resolved": "https://registry.npm.taobao.org/lodash._isnative/download/lodash._isnative-2.4.1.tgz",
            "integrity": "sha1-PqZAS3hKe+g2x7V1gOHN95sUgyw="
        },
        "lodash._objecttypes": {
            "version": "2.4.1",
            "resolved": "https://registry.npm.taobao.org/lodash._objecttypes/download/lodash._objecttypes-2.4.1.tgz",
            "integrity": "sha1-fAt/admKH3ZSn4kLDNsbTf7BHBE="
        },
        "lodash._shimkeys": {
            "version": "2.4.1",
            "resolved": "https://registry.npm.taobao.org/lodash._shimkeys/download/lodash._shimkeys-2.4.1.tgz",
            "integrity": "sha1-bpzJZm/wgfC1psl4uD4kLmlJ0gM=",
            "requires": {
                "lodash._objecttypes": "~2.4.1"
            }
        },
        "lodash.defaults": {
            "version": "2.4.1",
            "resolved": "https://registry.npm.taobao.org/lodash.defaults/download/lodash.defaults-2.4.1.tgz",
            "integrity": "sha1-p+iIXwXmiFEUS24SqPNngCa8TFQ=",
            "requires": {
                "lodash._objecttypes": "~2.4.1",
                "lodash.keys": "~2.4.1"
            }
        },
        "lodash.isobject": {
            "version": "2.4.1",
            "resolved": "https://registry.npm.taobao.org/lodash.isobject/download/lodash.isobject-2.4.1.tgz?cache=0&other_urls=https%3A%2F%2Fregistry.npm.taobao.org%2Flodash.isobject%2Fdownload%2Flodash.isobject-2.4.1.tgz",
            "integrity": "sha1-Wi5H/mmVPx7mMafrof5k0tBlWPU=",
            "requires": {
                "lodash._objecttypes": "~2.4.1"
            }
        },
        "lodash.keys": {
            "version": "2.4.1",
            "resolved": "http://registry.npm.taobao.org/lodash.keys/download/lodash.keys-2.4.1.tgz",
            "integrity": "sha1-SN6kbfj/djKxDXBrissmWR4rNyc=",
            "requires": {
                "lodash._isnative": "~2.4.1",
                "lodash._shimkeys": "~2.4.1",
                "lodash.isobject": "~2.4.1"
            }
        },
        "lru-cache": {
            "version": "2.7.3",
            "resolved": "http://registry.npm.taobao.org/lru-cache/download/lru-cache-2.7.3.tgz",
            "integrity": "sha1-bUUk6LlV+V1PW1iFHOId1y+06VI="
        },
        "minimatch": {
            "version": "0.2.14",
            "resolved": "http://registry.npm.taobao.org/minimatch/download/minimatch-0.2.14.tgz",
            "integrity": "sha1-x054BXT2PG+aCQ6Q775u9TpqdWo=",
            "requires": {
                "lru-cache": "2",
                "sigmund": "~1.0.0"
            }
        },
        "minimist": {
            "version": "0.0.8",
            "resolved": "http://registry.npm.taobao.org/minimist/download/minimist-0.0.8.tgz",
            "integrity": "sha1-hX/Kv8M5fSYluCKCYuhqp6ARsF0="
        },
        "mkdirp": {
            "version": "0.5.1",
            "resolved": "http://registry.npm.taobao.org/mkdirp/download/mkdirp-0.5.1.tgz",
            "integrity": "sha1-MAV0OOrGz3+MR2fzhkjWaX11yQM=",
            "requires": {
                "minimist": "0.0.8"
            }
        },
        "nopt": {
            "version": "1.0.10",
            "resolved": "http://registry.npm.taobao.org/nopt/download/nopt-1.0.10.tgz",
            "integrity": "sha1-bd0hvSoxQXuScn3Vhfim83YI6+4=",
            "requires": {
                "abbrev": "1"
            }
        },
        "prettysize": {
            "version": "0.0.3",
            "resolved": "https://registry.npm.taobao.org/prettysize/download/prettysize-0.0.3.tgz",
            "integrity": "sha1-FK//amReWRpN3xxykZwjtBRhgaE="
        },
        "readable-stream": {
            "version": "1.0.34",
            "resolved": "https://registry.npm.taobao.org/readable-stream/download/readable-stream-1.0.34.tgz?cache=0&other_urls=https%3A%2F%2Fregistry.npm.taobao.org%2Freadable-stream%2Fdownload%2Freadable-stream-1.0.34.tgz",
            "integrity": "sha1-Elgg40vIQtLyqq+v5MKRbuMsFXw=",
            "requires": {
                "core-util-is": "~1.0.0",
                "inherits": "~2.0.1",
                "isarray": "0.0.1",
                "string_decoder": "~0.10.x"
            }
        },
        "rimraf": {
            "version": "2.2.8",
            "resolved": "http://registry.npm.taobao.org/rimraf/download/rimraf-2.2.8.tgz",
            "integrity": "sha1-5Dm+Kq7jJzIZUnMPmaiSnk/FBYI="
        },
        "sigmund": {
            "version": "1.0.1",
            "resolved": "http://registry.npm.taobao.org/sigmund/download/sigmund-1.0.1.tgz",
            "integrity": "sha1-P/IfGYytIXX587eBhT/ZTQ0ZtZA="
        },
        "string_decoder": {
            "version": "0.10.31",
            "resolved": "http://registry.npm.taobao.org/string_decoder/download/string_decoder-0.10.31.tgz",
            "integrity": "sha1-YuIDvEF2bGwoyfyEMB2rHFMQ+pQ="
        },
        "tar": {
            "version": "2.2.2",
            "resolved": "https://registry.npm.taobao.org/tar/download/tar-2.2.2.tgz?cache=0&other_urls=https%3A%2F%2Fregistry.npm.taobao.org%2Ftar%2Fdownload%2Ftar-2.2.2.tgz",
            "integrity": "sha1-DKiEhWLHKZuLRG/2pNYM27I+3EA=",
            "requires": {
                "block-stream": "*",
                "fstream": "^1.0.12",
                "inherits": "2"
            }
        },
        "underscore": {
            "version": "1.7.0",
            "resolved": "https://registry.npm.taobao.org/underscore/download/underscore-1.7.0.tgz",
            "integrity": "sha1-a7rwh3UA02vjTsqlhODbn+8DUgk="
        },
        "underscore.string": {
            "version": "2.2.1",
            "resolved": "https://registry.npm.taobao.org/underscore.string/download/underscore.string-2.2.1.tgz",
            "integrity": "sha1-18D6KvXVoaZ/QlPa7pgTLnM/Dxk="
        },
        "which": {
            "version": "1.0.9",
            "resolved": "http://registry.npm.taobao.org/which/download/which-1.0.9.tgz",
            "integrity": "sha1-RgwdoPgQED0DIam2M6+eV15kSG8="
        },
        "zip-stream": {
            "version": "0.2.3",
            "resolved": "https://registry.npm.taobao.org/zip-stream/download/zip-stream-0.2.3.tgz",
            "integrity": "sha1-rvCVN2z+E4lZqBNBmB0mM4tG2NM=",
            "requires": {
                "debug": "~0.7.4",
                "lodash.defaults": "~2.4.1",
                "readable-stream": "~1.0.24"
            }
        },
        "zlib-browserify": {
            "version": "0.0.1",
            "resolved": "https://registry.npm.taobao.org/zlib-browserify/download/zlib-browserify-0.0.1.tgz",
            "integrity": "sha1-T6akXQDbwV8xikr6HZr8Aljhdsw="
        }
    }
}
